// !$*UTF8*$!
{
	archiveVersion = 1;
	classes = {
	};
	objectVersion = 50;
	objects = {

/* Begin PBXBuildFile section */
		98B7C1A2236D744700E2D93D /* AppDelegate.swift in Sources */ = {isa = PBXBuildFile; fileRef = 98B7C1A1236D744700E2D93D /* AppDelegate.swift */; };
		98B7C1A4236D744700E2D93D /* ViewController.swift in Sources */ = {isa = PBXBuildFile; fileRef = 98B7C1A3236D744700E2D93D /* ViewController.swift */; };
		98B7C1A7236D744700E2D93D /* Main.storyboard in Resources */ = {isa = PBXBuildFile; fileRef = 98B7C1A5236D744700E2D93D /* Main.storyboard */; };
		98B7C1A9236D744900E2D93D /* Assets.xcassets in Resources */ = {isa = PBXBuildFile; fileRef = 98B7C1A8236D744900E2D93D /* Assets.xcassets */; };
		98B7C1AC236D744900E2D93D /* LaunchScreen.storyboard in Resources */ = {isa = PBXBuildFile; fileRef = 98B7C1AA236D744900E2D93D /* LaunchScreen.storyboard */; };
		98B7C1B7236D744900E2D93D /* NewsTests.swift in Sources */ = {isa = PBXBuildFile; fileRef = 98B7C1B6236D744900E2D93D /* NewsTests.swift */; };
		98B7C1C2236D744900E2D93D /* NewsUITests.swift in Sources */ = {isa = PBXBuildFile; fileRef = 98B7C1C1236D744900E2D93D /* NewsUITests.swift */; };
/* End PBXBuildFile section */

/* Begin PBXContainerItemProxy section */
		98B7C1B3236D744900E2D93D /* PBXContainerItemProxy */ = {
			isa = PBXContainerItemProxy;
			containerPortal = 98B7C196236D744700E2D93D /* Project object */;
			proxyType = 1;
			remoteGlobalIDString = 98B7C19D236D744700E2D93D;
			remoteInfo = News;
		};
		98B7C1BE236D744900E2D93D /* PBXContainerItemProxy */ = {
			isa = PBXContainerItemProxy;
			containerPortal = 98B7C196236D744700E2D93D /* Project object */;
			proxyType = 1;
			remoteGlobalIDString = 98B7C19D236D744700E2D93D;
			remoteInfo = News;
		};
/* End PBXContainerItemProxy section */

/* Begin PBXFileReference section */
		98B7C19E236D744700E2D93D /* News.app */ = {isa = PBXFileReference; explicitFileType = wrapper.application; includeInIndex = 0; path = News.app; sourceTree = BUILT_PRODUCTS_DIR; };
		98B7C1A1236D744700E2D93D /* AppDelegate.swift */ = {isa = PBXFileReference; lastKnownFileType = sourcecode.swift; path = AppDelegate.swift; sourceTree = "<group>"; };
		98B7C1A3236D744700E2D93D /* ViewController.swift */ = {isa = PBXFileReference; lastKnownFileType = sourcecode.swift; path = ViewController.swift; sourceTree = "<group>"; };
		98B7C1A6236D744700E2D93D /* Base */ = {isa = PBXFileReference; lastKnownFileType = file.storyboard; name = Base; path = Base.lproj/Main.storyboard; sourceTree = "<group>"; };
		98B7C1A8236D744900E2D93D /* Assets.xcassets */ = {isa = PBXFileReference; lastKnownFileType = folder.assetcatalog; path = Assets.xcassets; sourceTree = "<group>"; };
		98B7C1AB236D744900E2D93D /* Base */ = {isa = PBXFileReference; lastKnownFileType = file.storyboard; name = Base; path = Base.lproj/LaunchScreen.storyboard; sourceTree = "<group>"; };
		98B7C1AD236D744900E2D93D /* Info.plist */ = {isa = PBXFileReference; lastKnownFileType = text.plist.xml; path = Info.plist; sourceTree = "<group>"; };
		98B7C1B2236D744900E2D93D /* NewsTests.xctest */ = {isa = PBXFileReference; explicitFileType = wrapper.cfbundle; includeInIndex = 0; path = NewsTests.xctest; sourceTree = BUILT_PRODUCTS_DIR; };
		98B7C1B6236D744900E2D93D /* NewsTests.swift */ = {isa = PBXFileReference; lastKnownFileType = sourcecode.swift; path = NewsTests.swift; sourceTree = "<group>"; };
		98B7C1B8236D744900E2D93D /* Info.plist */ = {isa = PBXFileReference; lastKnownFileType = text.plist.xml; path = Info.plist; sourceTree = "<group>"; };
		98B7C1BD236D744900E2D93D /* NewsUITests.xctest */ = {isa = PBXFileReference; explicitFileType = wrapper.cfbundle; includeInIndex = 0; path = NewsUITests.xctest; sourceTree = BUILT_PRODUCTS_DIR; };
		98B7C1C1236D744900E2D93D /* NewsUITests.swift */ = {isa = PBXFileReference; lastKnownFileType = sourcecode.swift; path = NewsUITests.swift; sourceTree = "<group>"; };
		98B7C1C3236D744900E2D93D /* Info.plist */ = {isa = PBXFileReference; lastKnownFileType = text.plist.xml; path = Info.plist; sourceTree = "<group>"; };
/* End PBXFileReference section */

/* Begin PBXFrameworksBuildPhase section */
		98B7C19B236D744700E2D93D /* Frameworks */ = {
			isa = PBXFrameworksBuildPhase;
			buildActionMask = 2147483647;
			files = (
			);
			runOnlyForDeploymentPostprocessing = 0;
		};
		98B7C1AF236D744900E2D93D /* Frameworks */ = {
			isa = PBXFrameworksBuildPhase;
			buildActionMask = 2147483647;
			files = (
			);
			runOnlyForDeploymentPostprocessing = 0;
		};
		98B7C1BA236D744900E2D93D /* Frameworks */ = {
			isa = PBXFrameworksBuildPhase;
			buildActionMask = 2147483647;
			files = (
			);
			runOnlyForDeploymentPostprocessing = 0;
		};
/* End PBXFrameworksBuildPhase section */

/* Begin PBXGroup section */
		98B7C195236D744700E2D93D = {
			isa = PBXGroup;
			children = (
				98B7C1A0236D744700E2D93D /* News */,
				98B7C1B5236D744900E2D93D /* NewsTests */,
				98B7C1C0236D744900E2D93D /* NewsUITests */,
				98B7C19F236D744700E2D93D /* Products */,
			);
			sourceTree = "<group>";
		};
		98B7C19F236D744700E2D93D /* Products */ = {
			isa = PBXGroup;
			children = (
				98B7C19E236D744700E2D93D /* News.app */,
				98B7C1B2236D744900E2D93D /* NewsTests.xctest */,
				98B7C1BD236D744900E2D93D /* NewsUITests.xctest */,
			);
			name = Products;
			sourceTree = "<group>";
		};
		98B7C1A0236D744700E2D93D /* News */ = {
			isa = PBXGroup;
			children = (
				98B7C1A1236D744700E2D93D /* AppDelegate.swift */,
				98B7C1A3236D744700E2D93D /* ViewController.swift */,
				98B7C1A5236D744700E2D93D /* Main.storyboard */,
				98B7C1A8236D744900E2D93D /* Assets.xcassets */,
				98B7C1AA236D744900E2D93D /* LaunchScreen.storyboard */,
				98B7C1AD236D744900E2D93D /* Info.plist */,
			);
			path = News;
			sourceTree = "<group>";
		};
		98B7C1B5236D744900E2D93D /* NewsTests */ = {
			isa = PBXGroup;
			children = (
				98B7C1B6236D744900E2D93D /* NewsTests.swift */,
				98B7C1B8236D744900E2D93D /* Info.plist */,
			);
			path = NewsTests;
			sourceTree = "<group>";
		};
		98B7C1C0236D744900E2D93D /* NewsUITests */ = {
			isa = PBXGroup;
			children = (
				98B7C1C1236D744900E2D93D /* NewsUITests.swift */,
				98B7C1C3236D744900E2D93D /* Info.plist */,
			);
			path = NewsUITests;
			sourceTree = "<group>";
		};
/* End PBXGroup section */

/* Begin PBXNativeTarget section */
		98B7C19D236D744700E2D93D /* News */ = {
			isa = PBXNativeTarget;
			buildConfigurationList = 98B7C1C6236D744900E2D93D /* Build configuration list for PBXNativeTarget "News" */;
			buildPhases = (
				98B7C19A236D744700E2D93D /* Sources */,
				98B7C19B236D744700E2D93D /* Frameworks */,
				98B7C19C236D744700E2D93D /* Resources */,
			);
			buildRules = (
			);
			dependencies = (
			);
			name = News;
			productName = News;
			productReference = 98B7C19E236D744700E2D93D /* News.app */;
			productType = "com.apple.product-type.application";
		};
		98B7C1B1236D744900E2D93D /* NewsTests */ = {
			isa = PBXNativeTarget;
			buildConfigurationList = 98B7C1C9236D744900E2D93D /* Build configuration list for PBXNativeTarget "NewsTests" */;
			buildPhases = (
				98B7C1AE236D744900E2D93D /* Sources */,
				98B7C1AF236D744900E2D93D /* Frameworks */,
				98B7C1B0236D744900E2D93D /* Resources */,
			);
			buildRules = (
			);
			dependencies = (
				98B7C1B4236D744900E2D93D /* PBXTargetDependency */,
			);
			name = NewsTests;
			productName = NewsTests;
			productReference = 98B7C1B2236D744900E2D93D /* NewsTests.xctest */;
			productType = "com.apple.product-type.bundle.unit-test";
		};
		98B7C1BC236D744900E2D93D /* NewsUITests */ = {
			isa = PBXNativeTarget;
			buildConfigurationList = 98B7C1CC236D744900E2D93D /* Build configuration list for PBXNativeTarget "NewsUITests" */;
			buildPhases = (
				98B7C1B9236D744900E2D93D /* Sources */,
				98B7C1BA236D744900E2D93D /* Frameworks */,
				98B7C1BB236D744900E2D93D /* Resources */,
			);
			buildRules = (
			);
			dependencies = (
				98B7C1BF236D744900E2D93D /* PBXTargetDependency */,
			);
			name = NewsUITests;
			productName = NewsUITests;
			productReference = 98B7C1BD236D744900E2D93D /* NewsUITests.xctest */;
			productType = "com.apple.product-type.bundle.ui-testing";
		};
/* End PBXNativeTarget section */

/* Begin PBXProject section */
		98B7C196236D744700E2D93D /* Project object */ = {
			isa = PBXProject;
			attributes = {
				LastSwiftUpdateCheck = 1010;
				LastUpgradeCheck = 1010;
				ORGANIZATIONNAME = "Harsha Reddy";
				TargetAttributes = {
					98B7C19D236D744700E2D93D = {
						CreatedOnToolsVersion = 10.1;
					};
					98B7C1B1236D744900E2D93D = {
						CreatedOnToolsVersion = 10.1;
						TestTargetID = 98B7C19D236D744700E2D93D;
					};
					98B7C1BC236D744900E2D93D = {
						CreatedOnToolsVersion = 10.1;
						TestTargetID = 98B7C19D236D744700E2D93D;
					};
				};
			};
			buildConfigurationList = 98B7C199236D744700E2D93D /* Build configuration list for PBXProject "News" */;
			compatibilityVersion = "Xcode 9.3";
			developmentRegion = en;
			hasScannedForEncodings = 0;
			knownRegions = (
				en,
				Base,
			);
			mainGroup = 98B7C195236D744700E2D93D;
			productRefGroup = 98B7C19F236D744700E2D93D /* Products */;
			projectDirPath = "";
			projectRoot = "";
			targets = (
				98B7C19D236D744700E2D93D /* News */,
				98B7C1B1236D744900E2D93D /* NewsTests */,
				98B7C1BC236D744900E2D93D /* NewsUITests */,
			);
		};
/* End PBXProject section */

/* Begin PBXResourcesBuildPhase section */
		98B7C19C236D744700E2D93D /* Resources */ = {
			isa = PBXResourcesBuildPhase;
			buildActionMask = 2147483647;
			files = (
				98B7C1AC236D744900E2D93D /* LaunchScreen.storyboard in Resources */,
				98B7C1A9236D744900E2D93D /* Assets.xcassets in Resources */,
				98B7C1A7236D744700E2D93D /* Main.storyboard in Resources */,
			);
			runOnlyForDeploymentPostprocessing = 0;
		};
		98B7C1B0236D744900E2D93D /* Resources */ = {
			isa = PBXResourcesBuildPhase;
			buildActionMask = 2147483647;
			files = (
			);
			runOnlyForDeploymentPostprocessing = 0;
		};
		98B7C1BB236D744900E2D93D /* Resources */ = {
			isa = PBXResourcesBuildPhase;
			buildActionMask = 2147483647;
			files = (
			);
			runOnlyForDeploymentPostprocessing = 0;
		};
/* End PBXResourcesBuildPhase section */

/* Begin PBXSourcesBuildPhase section */
		98B7C19A236D744700E2D93D /* Sources */ = {
			isa = PBXSourcesBuildPhase;
			buildActionMask = 2147483647;
			files = (
				98B7C1A4236D744700E2D93D /* ViewController.swift in Sources */,
				98B7C1A2236D744700E2D93D /* AppDelegate.swift in Sources */,
			);
			runOnlyForDeploymentPostprocessing = 0;
		};
		98B7C1AE236D744900E2D93D /* Sources */ = {
			isa = PBXSourcesBuildPhase;
			buildActionMask = 2147483647;
			files = (
				98B7C1B7236D744900E2D93D /* NewsTests.swift in Sources */,
			);
			runOnlyForDeploymentPostprocessing = 0;
		};
		98B7C1B9236D744900E2D93D /* Sources */ = {
			isa = PBXSourcesBuildPhase;
			buildActionMask = 2147483647;
			files = (
				98B7C1C2236D744900E2D93D /* NewsUITests.swift in Sources */,
			);
			runOnlyForDeploymentPostprocessing = 0;
		};
/* End PBXSourcesBuildPhase section */

/* Begin PBXTargetDependency section */
		98B7C1B4236D744900E2D93D /* PBXTargetDependency */ = {
			isa = PBXTargetDependency;
			target = 98B7C19D236D744700E2D93D /* News */;
			targetProxy = 98B7C1B3236D744900E2D93D /* PBXContainerItemProxy */;
		};
		98B7C1BF236D744900E2D93D /* PBXTargetDependency */ = {
			isa = PBXTargetDependency;
			target = 98B7C19D236D744700E2D93D /* News */;
			targetProxy = 98B7C1BE236D744900E2D93D /* PBXContainerItemProxy */;
		};
/* End PBXTargetDependency section */

/* Begin PBXVariantGroup section */
		98B7C1A5236D744700E2D93D /* Main.storyboard */ = {
			isa = PBXVariantGroup;
			children = (
				98B7C1A6236D744700E2D93D /* Base */,
			);
			name = Main.storyboard;
			sourceTree = "<group>";
		};
		98B7C1AA236D744900E2D93D /* LaunchScreen.storyboard */ = {
			isa = PBXVariantGroup;
			children = (
				98B7C1AB236D744900E2D93D /* Base */,
			);
			name = LaunchScreen.storyboard;
			sourceTree = "<group>";
		};
/* End PBXVariantGroup section */

/* Begin XCBuildConfiguration section */
		98B7C1C4236D744900E2D93D /* Debug */ = {
			isa = XCBuildConfiguration;
			buildSettings = {
				ALWAYS_SEARCH_USER_PATHS = NO;
				CLANG_ANALYZER_NONNULL = YES;
				CLANG_ANALYZER_NUMBER_OBJECT_CONVERSION = YES_AGGRESSIVE;
				CLANG_CXX_LANGUAGE_STANDARD = "gnu++14";
				CLANG_CXX_LIBRARY = "libc++";
				CLANG_ENABLE_MODULES = YES;
				CLANG_ENABLE_OBJC_ARC = YES;
				CLANG_ENABLE_OBJC_WEAK = YES;
				CLANG_WARN_BLOCK_CAPTURE_AUTORELEASING = YES;
				CLANG_WARN_BOOL_CONVERSION = YES;
				CLANG_WARN_COMMA = YES;
				CLANG_WARN_CONSTANT_CONVERSION = YES;
				CLANG_WARN_DEPRECATED_OBJC_IMPLEMENTATIONS = YES;
				CLANG_WARN_DIRECT_OBJC_ISA_USAGE = YES_ERROR;
				CLANG_WARN_DOCUMENTATION_COMMENTS = YES;
				CLANG_WARN_EMPTY_BODY = YES;
				CLANG_WARN_ENUM_CONVERSION = YES;
				CLANG_WARN_INFINITE_RECURSION = YES;
				CLANG_WARN_INT_CONVERSION = YES;
				CLANG_WARN_NON_LITERAL_NULL_CONVERSION = YES;
				CLANG_WARN_OBJC_IMPLICIT_RETAIN_SELF = YES;
				CLANG_WARN_OBJC_LITERAL_CONVERSION = YES;
				CLANG_WARN_OBJC_ROOT_CLASS = YES_ERROR;
				CLANG_WARN_RANGE_LOOP_ANALYSIS = YES;
				CLANG_WARN_STRICT_PROTOTYPES = YES;
				CLANG_WARN_SUSPICIOUS_MOVE = YES;
				CLANG_WARN_UNGUARDED_AVAILABILITY = YES_AGGRESSIVE;
				CLANG_WARN_UNREACHABLE_CODE = YES;
				CLANG_WARN__DUPLICATE_METHOD_MATCH = YES;
				CODE_SIGN_IDENTITY = "iPhone Developer";
				COPY_PHASE_STRIP = NO;
				DEBUG_INFORMATION_FORMAT = dwarf;
				ENABLE_STRICT_OBJC_MSGSEND = YES;
				ENABLE_TESTABILITY = YES;
				GCC_C_LANGUAGE_STANDARD = gnu11;
				GCC_DYNAMIC_NO_PIC = NO;
				GCC_NO_COMMON_BLOCKS = YES;
				GCC_OPTIMIZATION_LEVEL = 0;
				GCC_PREPROCESSOR_DEFINITIONS = (
					"DEBUG=1",
					"$(inherited)",
				);
				GCC_WARN_64_TO_32_BIT_CONVERSION = YES;
				GCC_WARN_ABOUT_RETURN_TYPE = YES_ERROR;
				GCC_WARN_UNDECLARED_SELECTOR = YES;
				GCC_WARN_UNINITIALIZED_AUTOS = YES_AGGRESSIVE;
				GCC_WARN_UNUSED_FUNCTION = YES;
				GCC_WARN_UNUSED_VARIABLE = YES;
				IPHONEOS_DEPLOYMENT_TARGET = 12.1;
				MTL_ENABLE_DEBUG_INFO = INCLUDE_SOURCE;
				MTL_FAST_MATH = YES;
				ONLY_ACTIVE_ARCH = YES;
				SDKROOT = iphoneos;
				SWIFT_ACTIVE_COMPILATION_CONDITIONS = DEBUG;
				SWIFT_OPTIMIZATION_LEVEL = "-Onone";
			};
			name = Debug;
		};
		98B7C1C5236D744900E2D93D /* Release */ = {
			isa = XCBuildConfiguration;
			buildSettings = {
				ALWAYS_SEARCH_USER_PATHS = NO;
				CLANG_ANALYZER_NONNULL = YES;
				CLANG_ANALYZER_NUMBER_OBJECT_CONVERSION = YES_AGGRESSIVE;
				CLANG_CXX_LANGUAGE_STANDARD = "gnu++14";
				CLANG_CXX_LIBRARY = "libc++";
				CLANG_ENABLE_MODULES = YES;
				CLANG_ENABLE_OBJC_ARC = YES;
				CLANG_ENABLE_OBJC_WEAK = YES;
				CLANG_WARN_BLOCK_CAPTURE_AUTORELEASING = YES;
				CLANG_WARN_BOOL_CONVERSION = YES;
				CLANG_WARN_COMMA = YES;
				CLANG_WARN_CONSTANT_CONVERSION = YES;
				CLANG_WARN_DEPRECATED_OBJC_IMPLEMENTATIONS = YES;
				CLANG_WARN_DIRECT_OBJC_ISA_USAGE = YES_ERROR;
				CLANG_WARN_DOCUMENTATION_COMMENTS = YES;
				CLANG_WARN_EMPTY_BODY = YES;
				CLANG_WARN_ENUM_CONVERSION = YES;
				CLANG_WARN_INFINITE_RECURSION = YES;
				CLANG_WARN_INT_CONVERSION = YES;
				CLANG_WARN_NON_LITERAL_NULL_CONVERSION = YES;
				CLANG_WARN_OBJC_IMPLICIT_RETAIN_SELF = YES;
				CLANG_WARN_OBJC_LITERAL_CONVERSION = YES;
				CLANG_WARN_OBJC_ROOT_CLASS = YES_ERROR;
				CLANG_WARN_RANGE_LOOP_ANALYSIS = YES;
				CLANG_WARN_STRICT_PROTOTYPES = YES;
				CLANG_WARN_SUSPICIOUS_MOVE = YES;
				CLANG_WARN_UNGUARDED_AVAILABILITY = YES_AGGRESSIVE;
				CLANG_WARN_UNREACHABLE_CODE = YES;
				CLANG_WARN__DUPLICATE_METHOD_MATCH = YES;
				CODE_SIGN_IDENTITY = "iPhone Developer";
				COPY_PHASE_STRIP = NO;
				DEBUG_INFORMATION_FORMAT = "dwarf-with-dsym";
				ENABLE_NS_ASSERTIONS = NO;
				ENABLE_STRICT_OBJC_MSGSEND = YES;
				GCC_C_LANGUAGE_STANDARD = gnu11;
				GCC_NO_COMMON_BLOCKS = YES;
				GCC_WARN_64_TO_32_BIT_CONVERSION = YES;
				GCC_WARN_ABOUT_RETURN_TYPE = YES_ERROR;
				GCC_WARN_UNDECLARED_SELECTOR = YES;
				GCC_WARN_UNINITIALIZED_AUTOS = YES_AGGRESSIVE;
				GCC_WARN_UNUSED_FUNCTION = YES;
				GCC_WARN_UNUSED_VARIABLE = YES;
				IPHONEOS_DEPLOYMENT_TARGET = 12.1;
				MTL_ENABLE_DEBUG_INFO = NO;
				MTL_FAST_MATH = YES;
				SDKROOT = iphoneos;
				SWIFT_COMPILATION_MODE = wholemodule;
				SWIFT_OPTIMIZATION_LEVEL = "-O";
				VALIDATE_PRODUCT = YES;
			};
			name = Release;
		};
		98B7C1C7236D744900E2D93D /* Debug */ = {
			isa = XCBuildConfiguration;
			buildSettings = {
				ASSETCATALOG_COMPILER_APPICON_NAME = AppIcon;
				CODE_SIGN_STYLE = Automatic;
				INFOPLIST_FILE = News/Info.plist;
				LD_RUNPATH_SEARCH_PATHS = (
					"$(inherited)",
					"@executable_path/Frameworks",
				);
				PRODUCT_BUNDLE_IDENTIFIER = com.greatlogics.News;
				PRODUCT_NAME = "$(TARGET_NAME)";
				SWIFT_VERSION = 4.2;
				TARGETED_DEVICE_FAMILY = "1,2";
			};
			name = Debug;
		};
		98B7C1C8236D744900E2D93D /* Release */ = {
			isa = XCBuildConfiguration;
			buildSettings = {
				ASSETCATALOG_COMPILER_APPICON_NAME = AppIcon;
				CODE_SIGN_STYLE = Automatic;
				INFOPLIST_FILE = News/Info.plist;
				LD_RUNPATH_SEARCH_PATHS = (
					"$(inherited)",
					"@executable_path/Frameworks",
				);
				PRODUCT_BUNDLE_IDENTIFIER = com.greatlogics.News;
				PRODUCT_NAME = "$(TARGET_NAME)";
				SWIFT_VERSION = 4.2;
				TARGETED_DEVICE_FAMILY = "1,2";
			};
			name = Release;
		};
		98B7C1CA236D744900E2D93D /* Debug */ = {
			isa = XCBuildConfiguration;
			buildSettings = {
				ALWAYS_EMBED_SWIFT_STANDARD_LIBRARIES = YES;
				BUNDLE_LOADER = "$(TEST_HOST)";
				CODE_SIGN_STYLE = Automatic;
				INFOPLIST_FILE = NewsTests/Info.plist;
				LD_RUNPATH_SEARCH_PATHS = (
					"$(inherited)",
					"@executable_path/Frameworks",
					"@loader_path/Frameworks",
				);
				PRODUCT_BUNDLE_IDENTIFIER = com.greatlogics.NewsTests;
				PRODUCT_NAME = "$(TARGET_NAME)";
				SWIFT_VERSION = 4.2;
				TARGETED_DEVICE_FAMILY = "1,2";
				TEST_HOST = "$(BUILT_PRODUCTS_DIR)/News.app/News";
			};
			name = Debug;
		};
		98B7C1CB236D744900E2D93D /* Release */ = {
			isa = XCBuildConfiguration;
			buildSettings = {
				ALWAYS_EMBED_SWIFT_STANDARD_LIBRARIES = YES;
				BUNDLE_LOADER = "$(TEST_HOST)";
				CODE_SIGN_STYLE = Automatic;
				INFOPLIST_FILE = NewsTests/Info.plist;
				LD_RUNPATH_SEARCH_PATHS = (
					"$(inherited)",
					"@executable_path/Frameworks",
					"@loader_path/Frameworks",
				);
				PRODUCT_BUNDLE_IDENTIFIER = com.greatlogics.NewsTests;
				PRODUCT_NAME = "$(TARGET_NAME)";
				SWIFT_VERSION = 4.2;
				TARGETED_DEVICE_FAMILY = "1,2";
				TEST_HOST = "$(BUILT_PRODUCTS_DIR)/News.app/News";
			};
			name = Release;
		};
		98B7C1CD236D744900E2D93D /* Debug */ = {
			isa = XCBuildConfiguration;
			buildSettings = {
				ALWAYS_EMBED_SWIFT_STANDARD_LIBRARIES = YES;
				CODE_SIGN_STYLE = Automatic;
				INFOPLIST_FILE = NewsUITests/Info.plist;
				LD_RUNPATH_SEARCH_PATHS = (
					"$(inherited)",
					"@executable_path/Frameworks",
					"@loader_path/Frameworks",
				);
				PRODUCT_BUNDLE_IDENTIFIER = com.greatlogics.NewsUITests;
				PRODUCT_NAME = "$(TARGET_NAME)";
				SWIFT_VERSION = 4.2;
				TARGETED_DEVICE_FAMILY = "1,2";
				TEST_TARGET_NAME = News;
			};
			name = Debug;
		};
		98B7C1CE236D744900E2D93D /* Release */ = {
			isa = XCBuildConfiguration;
			buildSettings = {
				ALWAYS_EMBED_SWIFT_STANDARD_LIBRARIES = YES;
				CODE_SIGN_STYLE = Automatic;
				INFOPLIST_FILE = NewsUITests/Info.plist;
				LD_RUNPATH_SEARCH_PATHS = (
					"$(inherited)",
					"@executable_path/Frameworks",
					"@loader_path/Frameworks",
				);
				PRODUCT_BUNDLE_IDENTIFIER = com.greatlogics.NewsUITests;
				PRODUCT_NAME = "$(TARGET_NAME)";
				SWIFT_VERSION = 4.2;
				TARGETED_DEVICE_FAMILY = "1,2";
				TEST_TARGET_NAME = News;
			};
			name = Release;
		};
/* End XCBuildConfiguration section */

/* Begin XCConfigurationList section */
		98B7C199236D744700E2D93D /* Build configuration list for PBXProject "News" */ = {
			isa = XCConfigurationList;
			buildConfigurations = (
				98B7C1C4236D744900E2D93D /* Debug */,
				98B7C1C5236D744900E2D93D /* Release */,
			);
			defaultConfigurationIsVisible = 0;
			defaultConfigurationName = Release;
		};
		98B7C1C6236D744900E2D93D /* Build configuration list for PBXNativeTarget "News" */ = {
			isa = XCConfigurationList;
			buildConfigurations = (
				98B7C1C7236D744900E2D93D /* Debug */,
				98B7C1C8236D744900E2D93D /* Release */,
			);
			defaultConfigurationIsVisible = 0;
			defaultConfigurationName = Release;
		};
		98B7C1C9236D744900E2D93D /* Build configuration list for PBXNativeTarget "NewsTests" */ = {
			isa = XCConfigurationList;
			buildConfigurations = (
				98B7C1CA236D744900E2D93D /* Debug */,
				98B7C1CB236D744900E2D93D /* Release */,
			);
			defaultConfigurationIsVisible = 0;
			defaultConfigurationName = Release;
		};
		98B7C1CC236D744900E2D93D /* Build configuration list for PBXNativeTarget "NewsUITests" */ = {
			isa = XCConfigurationList;
			buildConfigurations = (
				98B7C1CD236D744900E2D93D /* Debug */,
				98B7C1CE236D744900E2D93D /* Release */,
			);
			defaultConfigurationIsVisible = 0;
			defaultConfigurationName = Release;
		};
/* End XCConfigurationList section */
	};
	rootObject = 98B7C196236D744700E2D93D /* Project object */;
}
